
Microsoft Visual Studio Solution File, Format Version 12.00
# Visual Studio Version 17
VisualStudioVersion = 17.9.34723.18
MinimumVisualStudioVersion = 10.0.40219.1
Project("{FAE04EC0-301F-11D3-BF4B-00C04F79EFBC}") = "AppGallery.Android", "AppGallery\AppGallery.Android\AppGallery.Android.csproj", "{65A4427D-1212-452E-B0DD-ED9C6C3F28FD}"
EndProject
Project("{FAE04EC0-301F-11D3-BF4B-00C04F79EFBC}") = "AppGallery.iOS", "AppGallery\AppGallery.iOS\AppGallery.iOS.csproj", "{207D4ABD-750F-44AB-A3FF-C65C0496D43A}"
EndProject
Project("{FAE04EC0-301F-11D3-BF4B-00C04F79EFBC}") = "AppGallery", "AppGallery\AppGallery\AppGallery.csproj", "{C86D331D-7978-49CD-8DE0-390B9C33E2A8}"
EndProject
Global
	GlobalSection(SolutionConfigurationPlatforms) = preSolution
		Debug|Any CPU = Debug|Any CPU
		Debug|iPhone = Debug|iPhone
		Debug|iPhoneSimulator = Debug|iPhoneSimulator
		Release|Any CPU = Release|Any CPU
		Release|iPhone = Release|iPhone
		Release|iPhoneSimulator = Release|iPhoneSimulator
	EndGlobalSection
	GlobalSection(ProjectConfigurationPlatforms) = postSolution
		{65A4427D-1212-452E-B0DD-ED9C6C3F28FD}.Debug|Any CPU.ActiveCfg = Debug|Any CPU
		{65A4427D-1212-452E-B0DD-ED9C6C3F28FD}.Debug|Any CPU.Build.0 = Debug|Any CPU
		{65A4427D-1212-452E-B0DD-ED9C6C3F28FD}.Debug|Any CPU.Deploy.0 = Debug|Any CPU
		{65A4427D-1212-452E-B0DD-ED9C6C3F28FD}.Debug|iPhone.ActiveCfg = Debug|Any CPU
		{65A4427D-1212-452E-B0DD-ED9C6C3F28FD}.Debug|iPhone.Build.0 = Debug|Any CPU
		{65A4427D-1212-452E-B0DD-ED9C6C3F28FD}.Debug|iPhone.Deploy.0 = Debug|Any CPU
		{65A4427D-1212-452E-B0DD-ED9C6C3F28FD}.Debug|iPhoneSimulator.ActiveCfg = Debug|Any CPU
		{65A4427D-1212-452E-B0DD-ED9C6C3F28FD}.Debug|iPhoneSimulator.Build.0 = Debug|Any CPU
		{65A4427D-1212-452E-B0DD-ED9C6C3F28FD}.Debug|iPhoneSimulator.Deploy.0 = Debug|Any CPU
		{65A4427D-1212-452E-B0DD-ED9C6C3F28FD}.Release|Any CPU.ActiveCfg = Release|Any CPU
		{65A4427D-1212-452E-B0DD-ED9C6C3F28FD}.Release|Any CPU.Build.0 = Release|Any CPU
		{65A4427D-1212-452E-B0DD-ED9C6C3F28FD}.Release|Any CPU.Deploy.0 = Release|Any CPU
		{65A4427D-1212-452E-B0DD-ED9C6C3F28FD}.Release|iPhone.ActiveCfg = Release|Any CPU
		{65A4427D-1212-452E-B0DD-ED9C6C3F28FD}.Release|iPhone.Build.0 = Release|Any CPU
		{65A4427D-1212-452E-B0DD-ED9C6C3F28FD}.Release|iPhone.Deploy.0 = Release|Any CPU
		{65A4427D-1212-452E-B0DD-ED9C6C3F28FD}.Release|iPhoneSimulator.ActiveCfg = Release|Any CPU
		{65A4427D-1212-452E-B0DD-ED9C6C3F28FD}.Release|iPhoneSimulator.Build.0 = Release|Any CPU
		{65A4427D-1212-452E-B0DD-ED9C6C3F28FD}.Release|iPhoneSimulator.Deploy.0 = Release|Any CPU
		{207D4ABD-750F-44AB-A3FF-C65C0496D43A}.Debug|Any CPU.ActiveCfg = Debug|iPhone
		{207D4ABD-750F-44AB-A3FF-C65C0496D43A}.Debug|Any CPU.Build.0 = Debug|iPhone
		{207D4ABD-750F-44AB-A3FF-C65C0496D43A}.Debug|Any CPU.Deploy.0 = Debug|iPhone
		{207D4ABD-750F-44AB-A3FF-C65C0496D43A}.Debug|iPhone.ActiveCfg = Debug|iPhone
		{207D4ABD-750F-44AB-A3FF-C65C0496D43A}.Debug|iPhone.Build.0 = Debug|iPhone
		{207D4ABD-750F-44AB-A3FF-C65C0496D43A}.Debug|iPhone.Deploy.0 = Debug|iPhone
		{207D4ABD-750F-44AB-A3FF-C65C0496D43A}.Debug|iPhoneSimulator.ActiveCfg = Debug|iPhoneSimulator
		{207D4ABD-750F-44AB-A3FF-C65C0496D43A}.Debug|iPhoneSimulator.Build.0 = Debug|iPhoneSimulator
		{207D4ABD-750F-44AB-A3FF-C65C0496D43A}.Debug|iPhoneSimulator.Deploy.0 = Debug|iPhoneSimulator
		{207D4ABD-750F-44AB-A3FF-C65C0496D43A}.Release|Any CPU.ActiveCfg = Release|iPhoneSimulator
		{207D4ABD-750F-44AB-A3FF-C65C0496D43A}.Release|Any CPU.Build.0 = Release|iPhoneSimulator
		{207D4ABD-750F-44AB-A3FF-C65C0496D43A}.Release|Any CPU.Deploy.0 = Release|iPhoneSimulator
		{207D4ABD-750F-44AB-A3FF-C65C0496D43A}.Release|iPhone.ActiveCfg = Release|iPhone
		{207D4ABD-750F-44AB-A3FF-C65C0496D43A}.Release|iPhone.Build.0 = Release|iPhone
		{207D4ABD-750F-44AB-A3FF-C65C0496D43A}.Release|iPhone.Deploy.0 = Release|iPhone
		{207D4ABD-750F-44AB-A3FF-C65C0496D43A}.Release|iPhoneSimulator.ActiveCfg = Release|iPhoneSimulator
		{207D4ABD-750F-44AB-A3FF-C65C0496D43A}.Release|iPhoneSimulator.Build.0 = Release|iPhoneSimulator
		{207D4ABD-750F-44AB-A3FF-C65C0496D43A}.Release|iPhoneSimulator.Deploy.0 = Release|iPhoneSimulator
		{C86D331D-7978-49CD-8DE0-390B9C33E2A8}.Debug|Any CPU.ActiveCfg = Debug|Any CPU
		{C86D331D-7978-49CD-8DE0-390B9C33E2A8}.Debug|Any CPU.Build.0 = Debug|Any CPU
		{C86D331D-7978-49CD-8DE0-390B9C33E2A8}.Debug|Any CPU.Deploy.0 = Debug|Any CPU
		{C86D331D-7978-49CD-8DE0-390B9C33E2A8}.Debug|iPhone.ActiveCfg = Debug|Any CPU
		{C86D331D-7978-49CD-8DE0-390B9C33E2A8}.Debug|iPhone.Build.0 = Debug|Any CPU
		{C86D331D-7978-49CD-8DE0-390B9C33E2A8}.Debug|iPhone.Deploy.0 = Debug|Any CPU
		{C86D331D-7978-49CD-8DE0-390B9C33E2A8}.Debug|iPhoneSimulator.ActiveCfg = Debug|Any CPU
		{C86D331D-7978-49CD-8DE0-390B9C33E2A8}.Debug|iPhoneSimulator.Build.0 = Debug|Any CPU
		{C86D331D-7978-49CD-8DE0-390B9C33E2A8}.Debug|iPhoneSimulator.Deploy.0 = Debug|Any CPU
		{C86D331D-7978-49CD-8DE0-390B9C33E2A8}.Release|Any CPU.ActiveCfg = Release|Any CPU
		{C86D331D-7978-49CD-8DE0-390B9C33E2A8}.Release|Any CPU.Build.0 = Release|Any CPU
		{C86D331D-7978-49CD-8DE0-390B9C33E2A8}.Release|Any CPU.Deploy.0 = Release|Any CPU
		{C86D331D-7978-49CD-8DE0-390B9C33E2A8}.Release|iPhone.ActiveCfg = Release|Any CPU
		{C86D331D-7978-49CD-8DE0-390B9C33E2A8}.Release|iPhone.Build.0 = Release|Any CPU
		{C86D331D-7978-49CD-8DE0-390B9C33E2A8}.Release|iPhone.Deploy.0 = Release|Any CPU
		{C86D331D-7978-49CD-8DE0-390B9C33E2A8}.Release|iPhoneSimulator.ActiveCfg = Release|Any CPU
		{C86D331D-7978-49CD-8DE0-390B9C33E2A8}.Release|iPhoneSimulator.Build.0 = Release|Any CPU
		{C86D331D-7978-49CD-8DE0-390B9C33E2A8}.Release|iPhoneSimulator.Deploy.0 = Release|Any CPU
	EndGlobalSection
	GlobalSection(SolutionProperties) = preSolution
		HideSolutionNode = FALSE
	EndGlobalSection
	GlobalSection(ExtensibilityGlobals) = postSolution
		SolutionGuid = {860F6AED-58D9-4CF0-A8F6-7FF0A6B35BF6}
	EndGlobalSection
EndGlobal
